
Microsoft Visual Studio Solution File, Format Version 12.00
# Visual Studio 15
VisualStudioVersion = 15.0.27130.2003
MinimumVisualStudioVersion = 10.0.40219.1
Project("{FAE04EC0-301F-11D3-BF4B-00C04F79EFBC}") = "PositionEvents", "PositionEvents\PositionEvents.csproj", "{E356EFAB-A0BD-4103-88DE-60475596DCC4}"
EndProject
Project("{FAE04EC0-301F-11D3-BF4B-00C04F79EFBC}") = "PositionEvents.UnitTests", "PositionEvents.UnitTests\PositionEvents.UnitTests.csproj", "{8EDF4429-251A-416D-BB68-93F227191BCF}"
EndProject
Global
	GlobalSection(SolutionConfigurationPlatforms) = preSolution
		Debug|Any CPU = Debug|Any CPU
		Release|Any CPU = Release|Any CPU
	EndGlobalSection
	GlobalSection(ProjectConfigurationPlatforms) = postSolution
		{E356EFAB-A0BD-4103-88DE-60475596DCC4}.Debug|Any CPU.ActiveCfg = Debug|Any CPU
		{E356EFAB-A0BD-4103-88DE-60475596DCC4}.Debug|Any CPU.Build.0 = Debug|Any CPU
		{E356EFAB-A0BD-4103-88DE-60475596DCC4}.Release|Any CPU.ActiveCfg = Release|Any CPU
		{E356EFAB-A0BD-4103-88DE-60475596DCC4}.Release|Any CPU.Build.0 = Release|Any CPU
		{8EDF4429-251A-416D-BB68-93F227191BCF}.Debug|Any CPU.ActiveCfg = Debug|Any CPU
		{8EDF4429-251A-416D-BB68-93F227191BCF}.Debug|Any CPU.Build.0 = Debug|Any CPU
		{8EDF4429-251A-416D-BB68-93F227191BCF}.Release|Any CPU.ActiveCfg = Release|Any CPU
		{8EDF4429-251A-416D-BB68-93F227191BCF}.Release|Any CPU.Build.0 = Release|Any CPU
	EndGlobalSection
	GlobalSection(SolutionProperties) = preSolution
		HideSolutionNode = FALSE
	EndGlobalSection
	GlobalSection(ExtensibilityGlobals) = postSolution
		SolutionGuid = {EB2A521F-0968-479F-A36F-3CF87A6B7EEB}
	EndGlobalSection
EndGlobal
